
Microsoft Visual Studio Solution File, Format Version 12.00
# Visual Studio Version 17
VisualStudioVersion = 17.13.35919.96
MinimumVisualStudioVersion = 10.0.40219.1
Project("{FAE04EC0-301F-11D3-BF4B-00C04F79EFBC}") = "BookmarkFeeder.AppHost", "BookmarkFeeder.AppHost\BookmarkFeeder.AppHost.csproj", "{88E09C15-CAAA-4403-89EF-7B31B947F92E}"
EndProject
Project("{FAE04EC0-301F-11D3-BF4B-00C04F79EFBC}") = "BookmarkFeeder.ServiceDefaults", "BookmarkFeeder.ServiceDefaults\BookmarkFeeder.ServiceDefaults.csproj", "{C0F18072-B019-4D76-9FD8-5F3EBA8B225D}"
EndProject
Project("{FAE04EC0-301F-11D3-BF4B-00C04F79EFBC}") = "BookmarkFeeder.WebApi", "BookmarkFeeder.WebApi\BookmarkFeeder.WebApi.csproj", "{B742DB20-DBDD-4706-AA58-160B819D55DB}"
EndProject
Project("{FAE04EC0-301F-11D3-BF4B-00C04F79EFBC}") = "BookmarkFeeder.WebApi.Tests", "BookmarkFeeder.WebApi.Tests\BookmarkFeeder.WebApi.Tests.csproj", "{80CD5D71-7715-446F-AFC7-0E54144DFB02}"
EndProject
Global
	GlobalSection(SolutionConfigurationPlatforms) = preSolution
		Debug|Any CPU = Debug|Any CPU
		Debug|x64 = Debug|x64
		Debug|x86 = Debug|x86
		Release|Any CPU = Release|Any CPU
		Release|x64 = Release|x64
		Release|x86 = Release|x86
	EndGlobalSection
	GlobalSection(ProjectConfigurationPlatforms) = postSolution
		{88E09C15-CAAA-4403-89EF-7B31B947F92E}.Debug|Any CPU.ActiveCfg = Debug|Any CPU
		{88E09C15-CAAA-4403-89EF-7B31B947F92E}.Debug|Any CPU.Build.0 = Debug|Any CPU
		{88E09C15-CAAA-4403-89EF-7B31B947F92E}.Debug|x64.ActiveCfg = Debug|Any CPU
		{88E09C15-CAAA-4403-89EF-7B31B947F92E}.Debug|x64.Build.0 = Debug|Any CPU
		{88E09C15-CAAA-4403-89EF-7B31B947F92E}.Debug|x86.ActiveCfg = Debug|Any CPU
		{88E09C15-CAAA-4403-89EF-7B31B947F92E}.Debug|x86.Build.0 = Debug|Any CPU
		{88E09C15-CAAA-4403-89EF-7B31B947F92E}.Release|Any CPU.ActiveCfg = Release|Any CPU
		{88E09C15-CAAA-4403-89EF-7B31B947F92E}.Release|Any CPU.Build.0 = Release|Any CPU
		{88E09C15-CAAA-4403-89EF-7B31B947F92E}.Release|x64.ActiveCfg = Release|Any CPU
		{88E09C15-CAAA-4403-89EF-7B31B947F92E}.Release|x64.Build.0 = Release|Any CPU
		{88E09C15-CAAA-4403-89EF-7B31B947F92E}.Release|x86.ActiveCfg = Release|Any CPU
		{88E09C15-CAAA-4403-89EF-7B31B947F92E}.Release|x86.Build.0 = Release|Any CPU
		{C0F18072-B019-4D76-9FD8-5F3EBA8B225D}.Debug|Any CPU.ActiveCfg = Debug|Any CPU
		{C0F18072-B019-4D76-9FD8-5F3EBA8B225D}.Debug|Any CPU.Build.0 = Debug|Any CPU
		{C0F18072-B019-4D76-9FD8-5F3EBA8B225D}.Debug|x64.ActiveCfg = Debug|Any CPU
		{C0F18072-B019-4D76-9FD8-5F3EBA8B225D}.Debug|x64.Build.0 = Debug|Any CPU
		{C0F18072-B019-4D76-9FD8-5F3EBA8B225D}.Debug|x86.ActiveCfg = Debug|Any CPU
		{C0F18072-B019-4D76-9FD8-5F3EBA8B225D}.Debug|x86.Build.0 = Debug|Any CPU
		{C0F18072-B019-4D76-9FD8-5F3EBA8B225D}.Release|Any CPU.ActiveCfg = Release|Any CPU
		{C0F18072-B019-4D76-9FD8-5F3EBA8B225D}.Release|Any CPU.Build.0 = Release|Any CPU
		{C0F18072-B019-4D76-9FD8-5F3EBA8B225D}.Release|x64.ActiveCfg = Release|Any CPU
		{C0F18072-B019-4D76-9FD8-5F3EBA8B225D}.Release|x64.Build.0 = Release|Any CPU
		{C0F18072-B019-4D76-9FD8-5F3EBA8B225D}.Release|x86.ActiveCfg = Release|Any CPU
		{C0F18072-B019-4D76-9FD8-5F3EBA8B225D}.Release|x86.Build.0 = Release|Any CPU
		{B742DB20-DBDD-4706-AA58-160B819D55DB}.Debug|Any CPU.ActiveCfg = Debug|Any CPU
		{B742DB20-DBDD-4706-AA58-160B819D55DB}.Debug|Any CPU.Build.0 = Debug|Any CPU
		{B742DB20-DBDD-4706-AA58-160B819D55DB}.Debug|x64.ActiveCfg = Debug|Any CPU
		{B742DB20-DBDD-4706-AA58-160B819D55DB}.Debug|x64.Build.0 = Debug|Any CPU
		{B742DB20-DBDD-4706-AA58-160B819D55DB}.Debug|x86.ActiveCfg = Debug|Any CPU
		{B742DB20-DBDD-4706-AA58-160B819D55DB}.Debug|x86.Build.0 = Debug|Any CPU
		{B742DB20-DBDD-4706-AA58-160B819D55DB}.Release|Any CPU.ActiveCfg = Release|Any CPU
		{B742DB20-DBDD-4706-AA58-160B819D55DB}.Release|Any CPU.Build.0 = Release|Any CPU
		{B742DB20-DBDD-4706-AA58-160B819D55DB}.Release|x64.ActiveCfg = Release|Any CPU
		{B742DB20-DBDD-4706-AA58-160B819D55DB}.Release|x64.Build.0 = Release|Any CPU
		{B742DB20-DBDD-4706-AA58-160B819D55DB}.Release|x86.ActiveCfg = Release|Any CPU
		{B742DB20-DBDD-4706-AA58-160B819D55DB}.Release|x86.Build.0 = Release|Any CPU
		{80CD5D71-7715-446F-AFC7-0E54144DFB02}.Debug|Any CPU.ActiveCfg = Debug|Any CPU
		{80CD5D71-7715-446F-AFC7-0E54144DFB02}.Debug|Any CPU.Build.0 = Debug|Any CPU
		{80CD5D71-7715-446F-AFC7-0E54144DFB02}.Debug|x64.ActiveCfg = Debug|Any CPU
		{80CD5D71-7715-446F-AFC7-0E54144DFB02}.Debug|x64.Build.0 = Debug|Any CPU
		{80CD5D71-7715-446F-AFC7-0E54144DFB02}.Debug|x86.ActiveCfg = Debug|Any CPU
		{80CD5D71-7715-446F-AFC7-0E54144DFB02}.Debug|x86.Build.0 = Debug|Any CPU
		{80CD5D71-7715-446F-AFC7-0E54144DFB02}.Release|Any CPU.ActiveCfg = Release|Any CPU
		{80CD5D71-7715-446F-AFC7-0E54144DFB02}.Release|Any CPU.Build.0 = Release|Any CPU
		{80CD5D71-7715-446F-AFC7-0E54144DFB02}.Release|x64.ActiveCfg = Release|Any CPU
		{80CD5D71-7715-446F-AFC7-0E54144DFB02}.Release|x64.Build.0 = Release|Any CPU
		{80CD5D71-7715-446F-AFC7-0E54144DFB02}.Release|x86.ActiveCfg = Release|Any CPU
		{80CD5D71-7715-446F-AFC7-0E54144DFB02}.Release|x86.Build.0 = Release|Any CPU
	EndGlobalSection
	GlobalSection(SolutionProperties) = preSolution
		HideSolutionNode = FALSE
	EndGlobalSection
	GlobalSection(ExtensibilityGlobals) = postSolution
		SolutionGuid = {1D9AA3C3-4B6B-4E40-91EF-4F1E4DC85F7A}
	EndGlobalSection
EndGlobal
